
Microsoft Visual Studio Solution File, Format Version 12.00
# Visual Studio 15
Project("{FAE04EC0-301F-11D3-BF4B-00C04F79EFBC}") = "LiteNetLib", "LiteNetLib.csproj", "{97E43CEA-5170-2852-21AD-F6CB29CB1543}"
EndProject
Project("{FAE04EC0-301F-11D3-BF4B-00C04F79EFBC}") = "Assembly-CSharp", "Assembly-CSharp.csproj", "{15675095-9853-E849-402B-0C00E5EEDE82}"
EndProject
Global
	GlobalSection(SolutionConfigurationPlatforms) = preSolution
		Debug|Any CPU = Debug|Any CPU
		Release|Any CPU = Release|Any CPU
	EndGlobalSection
	GlobalSection(ProjectConfigurationPlatforms) = postSolution
		{97E43CEA-5170-2852-21AD-F6CB29CB1543}.Debug|Any CPU.ActiveCfg = Debug|Any CPU
		{97E43CEA-5170-2852-21AD-F6CB29CB1543}.Debug|Any CPU.Build.0 = Debug|Any CPU
		{97E43CEA-5170-2852-21AD-F6CB29CB1543}.Release|Any CPU.ActiveCfg = Release|Any CPU
		{97E43CEA-5170-2852-21AD-F6CB29CB1543}.Release|Any CPU.Build.0 = Release|Any CPU
		{15675095-9853-E849-402B-0C00E5EEDE82}.Debug|Any CPU.ActiveCfg = Debug|Any CPU
		{15675095-9853-E849-402B-0C00E5EEDE82}.Debug|Any CPU.Build.0 = Debug|Any CPU
		{15675095-9853-E849-402B-0C00E5EEDE82}.Release|Any CPU.ActiveCfg = Release|Any CPU
		{15675095-9853-E849-402B-0C00E5EEDE82}.Release|Any CPU.Build.0 = Release|Any CPU
	EndGlobalSection
	GlobalSection(SolutionProperties) = preSolution
		HideSolutionNode = FALSE
	EndGlobalSection
EndGlobal
